
Microsoft Visual Studio Solution File, Format Version 12.00
# Visual Studio Version 16
VisualStudioVersion = 25.0.1706.6
MinimumVisualStudioVersion = 10.0.40219.1
Project("{FAE04EC0-301F-11D3-BF4B-00C04F79EFBC}") = "WebApplication_FirstAspNetCoreApp", "WebApplication_FirstAspNetCoreApp\WebApplication_FirstAspNetCoreApp.csproj", "{31D2DB6F-01A1-4A66-BB3F-9FEE8BBE16EC}"
EndProject
Global
	GlobalSection(SolutionConfigurationPlatforms) = preSolution
		Debug|Any CPU = Debug|Any CPU
		Release|Any CPU = Release|Any CPU
	EndGlobalSection
	GlobalSection(ProjectConfigurationPlatforms) = postSolution
		{31D2DB6F-01A1-4A66-BB3F-9FEE8BBE16EC}.Debug|Any CPU.ActiveCfg = Debug|Any CPU
		{31D2DB6F-01A1-4A66-BB3F-9FEE8BBE16EC}.Debug|Any CPU.Build.0 = Debug|Any CPU
		{31D2DB6F-01A1-4A66-BB3F-9FEE8BBE16EC}.Release|Any CPU.ActiveCfg = Release|Any CPU
		{31D2DB6F-01A1-4A66-BB3F-9FEE8BBE16EC}.Release|Any CPU.Build.0 = Release|Any CPU
	EndGlobalSection
	GlobalSection(SolutionProperties) = preSolution
		HideSolutionNode = FALSE
	EndGlobalSection
	GlobalSection(ExtensibilityGlobals) = postSolution
		SolutionGuid = {818D1506-A5C4-4872-A384-39AE1673F686}
	EndGlobalSection
EndGlobal
